
Microsoft Visual Studio Solution File, Format Version 12.00
# Visual Studio Version 17
VisualStudioVersion = 17.3.32825.248
MinimumVisualStudioVersion = 10.0.40219.1
Project("{FAE04EC0-301F-11D3-BF4B-00C04F79EFBC}") = "Assignment No 5", "Assignment No 5\Assignment No 5.csproj", "{B939A837-1D09-431A-BF19-83E62C3C6C1B}"
EndProject
Global
	GlobalSection(SolutionConfigurationPlatforms) = preSolution
		Debug|Any CPU = Debug|Any CPU
		Release|Any CPU = Release|Any CPU
	EndGlobalSection
	GlobalSection(ProjectConfigurationPlatforms) = postSolution
		{B939A837-1D09-431A-BF19-83E62C3C6C1B}.Debug|Any CPU.ActiveCfg = Debug|Any CPU
		{B939A837-1D09-431A-BF19-83E62C3C6C1B}.Debug|Any CPU.Build.0 = Debug|Any CPU
		{B939A837-1D09-431A-BF19-83E62C3C6C1B}.Release|Any CPU.ActiveCfg = Release|Any CPU
		{B939A837-1D09-431A-BF19-83E62C3C6C1B}.Release|Any CPU.Build.0 = Release|Any CPU
	EndGlobalSection
	GlobalSection(SolutionProperties) = preSolution
		HideSolutionNode = FALSE
	EndGlobalSection
	GlobalSection(ExtensibilityGlobals) = postSolution
		SolutionGuid = {5628E748-110E-4B96-8205-953394593040}
	EndGlobalSection
EndGlobal
